
Microsoft Visual Studio Solution File, Format Version 12.00
# Visual Studio Version 17
VisualStudioVersion = 17.8.34511.84
MinimumVisualStudioVersion = 10.0.40219.1
Project("{FAE04EC0-301F-11D3-BF4B-00C04F79EFBC}") = "Calculadora", "Calculadora\Calculadora.csproj", "{28B30EB7-9B0E-45D9-8875-DA00643BDE41}"
EndProject
Global
	GlobalSection(SolutionConfigurationPlatforms) = preSolution
		Debug|Any CPU = Debug|Any CPU
		Release|Any CPU = Release|Any CPU
	EndGlobalSection
	GlobalSection(ProjectConfigurationPlatforms) = postSolution
		{28B30EB7-9B0E-45D9-8875-DA00643BDE41}.Debug|Any CPU.ActiveCfg = Debug|Any CPU
		{28B30EB7-9B0E-45D9-8875-DA00643BDE41}.Debug|Any CPU.Build.0 = Debug|Any CPU
		{28B30EB7-9B0E-45D9-8875-DA00643BDE41}.Release|Any CPU.ActiveCfg = Release|Any CPU
		{28B30EB7-9B0E-45D9-8875-DA00643BDE41}.Release|Any CPU.Build.0 = Release|Any CPU
	EndGlobalSection
	GlobalSection(SolutionProperties) = preSolution
		HideSolutionNode = FALSE
	EndGlobalSection
	GlobalSection(ExtensibilityGlobals) = postSolution
		SolutionGuid = {A11E6347-616B-4E83-9361-CD8FEA5676E3}
	EndGlobalSection
EndGlobal
